// !$*UTF8*$!
{
	archiveVersion = 1;
	classes = {
	};
	objectVersion = 52;
	objects = {

/* Begin PBXBuildFile section */
		7413198E24266BC300A42A4F /* AuthenticateViewModel.swift in Sources */ = {isa = PBXBuildFile; fileRef = 7413198D24266BC300A42A4F /* AuthenticateViewModel.swift */; };
		741319952426963300A42A4F /* DishCoordinator.swift in Sources */ = {isa = PBXBuildFile; fileRef = 741319942426963300A42A4F /* DishCoordinator.swift */; };
		741319972426968900A42A4F /* Dish.storyboard in Resources */ = {isa = PBXBuildFile; fileRef = 741319962426968900A42A4F /* Dish.storyboard */; };
		7413199A242696D700A42A4F /* DishViewController.swift in Sources */ = {isa = PBXBuildFile; fileRef = 74131999242696D700A42A4F /* DishViewController.swift */; };
		7413199C24269D0D00A42A4F /* APIBaseResponse.swift in Sources */ = {isa = PBXBuildFile; fileRef = 7413199B24269D0D00A42A4F /* APIBaseResponse.swift */; };
		7413199F2426C3DB00A42A4F /* Alamofire in Frameworks */ = {isa = PBXBuildFile; productRef = 7413199E2426C3DB00A42A4F /* Alamofire */; };
		741319A22426D6D500A42A4F /* Logging in Frameworks */ = {isa = PBXBuildFile; productRef = 741319A12426D6D500A42A4F /* Logging */; };
		742396D32438AEF000A56C99 /* SceneViewModel.swift in Sources */ = {isa = PBXBuildFile; fileRef = 742396D22438AEF000A56C99 /* SceneViewModel.swift */; };
		742396D52438B0E600A56C99 /* SceneViewController.swift in Sources */ = {isa = PBXBuildFile; fileRef = 742396D42438B0E600A56C99 /* SceneViewController.swift */; };
		742396D72438B99400A56C99 /* IOTransformable.swift in Sources */ = {isa = PBXBuildFile; fileRef = 742396D62438B99400A56C99 /* IOTransformable.swift */; };
		742396D92438C7F900A56C99 /* APIResponse.swift in Sources */ = {isa = PBXBuildFile; fileRef = 742396D82438C7F900A56C99 /* APIResponse.swift */; };
		742A5B69242557CD005F6C8F /* UIView+XibLoadable.swift in Sources */ = {isa = PBXBuildFile; fileRef = 742A5B68242557CD005F6C8F /* UIView+XibLoadable.swift */; };
		742A5B6C24255942005F6C8F /* KawaiiTextField.xib in Resources */ = {isa = PBXBuildFile; fileRef = 742A5B6B24255942005F6C8F /* KawaiiTextField.xib */; };
		74311479242659C700F6A959 /* AppServiceDependencies.swift in Sources */ = {isa = PBXBuildFile; fileRef = 74311478242659C700F6A959 /* AppServiceDependencies.swift */; };
		7431147B24265BA100F6A959 /* ServiceDependencies.swift in Sources */ = {isa = PBXBuildFile; fileRef = 7431147A24265BA100F6A959 /* ServiceDependencies.swift */; };
		7431686D241185B0002B3905 /* AppDelegate.swift in Sources */ = {isa = PBXBuildFile; fileRef = 7431686C241185B0002B3905 /* AppDelegate.swift */; };
		7431686F241185B0002B3905 /* SceneDelegate.swift in Sources */ = {isa = PBXBuildFile; fileRef = 7431686E241185B0002B3905 /* SceneDelegate.swift */; };
		74316871241185B0002B3905 /* AuthenticateViewController.swift in Sources */ = {isa = PBXBuildFile; fileRef = 74316870241185B0002B3905 /* AuthenticateViewController.swift */; };
		74316874241185B0002B3905 /* Authenticate.storyboard in Resources */ = {isa = PBXBuildFile; fileRef = 74316872241185B0002B3905 /* Authenticate.storyboard */; };
		74316877241185B0002B3905 /* iCook.xcdatamodeld in Sources */ = {isa = PBXBuildFile; fileRef = 74316875241185B0002B3905 /* iCook.xcdatamodeld */; };
		74316879241185B1002B3905 /* Assets.xcassets in Resources */ = {isa = PBXBuildFile; fileRef = 74316878241185B1002B3905 /* Assets.xcassets */; };
		7431687C241185B1002B3905 /* LaunchScreen.storyboard in Resources */ = {isa = PBXBuildFile; fileRef = 7431687A241185B1002B3905 /* LaunchScreen.storyboard */; };
		74316887241185B1002B3905 /* iCookTests.swift in Sources */ = {isa = PBXBuildFile; fileRef = 74316886241185B1002B3905 /* iCookTests.swift */; };
		743168A0241189F2002B3905 /* Colors.xcassets in Resources */ = {isa = PBXBuildFile; fileRef = 7431689F241189F2002B3905 /* Colors.xcassets */; };
		743168AB2411A01E002B3905 /* KawaiiTextField.swift in Sources */ = {isa = PBXBuildFile; fileRef = 743168AA2411A01E002B3905 /* KawaiiTextField.swift */; };
		743168B02411AB8C002B3905 /* AppAPIService.swift in Sources */ = {isa = PBXBuildFile; fileRef = 743168AF2411AB8C002B3905 /* AppAPIService.swift */; };
		743168B62411B9F6002B3905 /* APITokenResponse.swift in Sources */ = {isa = PBXBuildFile; fileRef = 743168B52411B9F6002B3905 /* APITokenResponse.swift */; };
		74400FC42422A8DA00DC2E76 /* Coordinator.swift in Sources */ = {isa = PBXBuildFile; fileRef = 74400FC32422A8DA00DC2E76 /* Coordinator.swift */; };
		74400FC62422A95900DC2E76 /* AuthenticateCoordinator.swift in Sources */ = {isa = PBXBuildFile; fileRef = 74400FC52422A95900DC2E76 /* AuthenticateCoordinator.swift */; };
		74400FC82422A98400DC2E76 /* AppCoordinator.swift in Sources */ = {isa = PBXBuildFile; fileRef = 74400FC72422A98400DC2E76 /* AppCoordinator.swift */; };
		74400FCA2422ABAF00DC2E76 /* UIViewController+StoryboardInstantiable.swift in Sources */ = {isa = PBXBuildFile; fileRef = 74400FC92422ABAF00DC2E76 /* UIViewController+StoryboardInstantiable.swift */; };
		74400FD12422B09D00DC2E76 /* APIService.swift in Sources */ = {isa = PBXBuildFile; fileRef = 74400FD02422B09D00DC2E76 /* APIService.swift */; };
		747C5C85242FF69C000C2875 /* RxSwift in Frameworks */ = {isa = PBXBuildFile; productRef = 747C5C84242FF69C000C2875 /* RxSwift */; };
		747C5C87242FF69C000C2875 /* RxCocoa in Frameworks */ = {isa = PBXBuildFile; productRef = 747C5C86242FF69C000C2875 /* RxCocoa */; };
		747C5C89243017F5000C2875 /* UIImageView+Downloaded.swift in Sources */ = {isa = PBXBuildFile; fileRef = 747C5C88243017F5000C2875 /* UIImageView+Downloaded.swift */; };
		747E37942440E8E0001490CF /* UserData.swift in Sources */ = {isa = PBXBuildFile; fileRef = 747E37932440E8E0001490CF /* UserData.swift */; };
		747E37962440E932001490CF /* APIUserDataResponse.swift in Sources */ = {isa = PBXBuildFile; fileRef = 747E37952440E932001490CF /* APIUserDataResponse.swift */; };
		747E37982440FB1B001490CF /* User.swift in Sources */ = {isa = PBXBuildFile; fileRef = 747E37972440FB1B001490CF /* User.swift */; };
		747E379C2440FB96001490CF /* SettingsViewModel.swift in Sources */ = {isa = PBXBuildFile; fileRef = 747E379B2440FB96001490CF /* SettingsViewModel.swift */; };
		747E379E24410036001490CF /* UserService.swift in Sources */ = {isa = PBXBuildFile; fileRef = 747E379D24410036001490CF /* UserService.swift */; };
		747E37A0244101F8001490CF /* AppUserService.swift in Sources */ = {isa = PBXBuildFile; fileRef = 747E379F244101F8001490CF /* AppUserService.swift */; };
		747E37A324410A92001490CF /* UIViewController+Rx.swift in Sources */ = {isa = PBXBuildFile; fileRef = 747E37A224410A92001490CF /* UIViewController+Rx.swift */; };
		749BC3532425735E0068B492 /* KawaiiView.swift in Sources */ = {isa = PBXBuildFile; fileRef = 749BC3522425735E0068B492 /* KawaiiView.swift */; };
		749BC3552425755C0068B492 /* UIColor+AssetColors.swift in Sources */ = {isa = PBXBuildFile; fileRef = 749BC3542425755C0068B492 /* UIColor+AssetColors.swift */; };
		749BC357242579260068B492 /* KawaiiButton.swift in Sources */ = {isa = PBXBuildFile; fileRef = 749BC356242579260068B492 /* KawaiiButton.swift */; };
		749BC3592425793A0068B492 /* KawaiiButton.xib in Resources */ = {isa = PBXBuildFile; fileRef = 749BC3582425793A0068B492 /* KawaiiButton.xib */; };
		74A7CF542438F4AA00BD44AC /* UIAlertController+Rx.swift in Sources */ = {isa = PBXBuildFile; fileRef = 74A7CF532438F4AA00BD44AC /* UIAlertController+Rx.swift */; };
		74B891B42427A41E00993FB7 /* RecipeTableViewCell.xib in Resources */ = {isa = PBXBuildFile; fileRef = 74B891B32427A41E00993FB7 /* RecipeTableViewCell.xib */; };
		74B891B62427A44000993FB7 /* RecipeTableViewCell.swift in Sources */ = {isa = PBXBuildFile; fileRef = 74B891B52427A44000993FB7 /* RecipeTableViewCell.swift */; };
		74B891B92427AC7100993FB7 /* DishViewModel.swift in Sources */ = {isa = PBXBuildFile; fileRef = 74B891B82427AC7100993FB7 /* DishViewModel.swift */; };
		74B891BB2427BFD400993FB7 /* DishService.swift in Sources */ = {isa = PBXBuildFile; fileRef = 74B891BA2427BFD400993FB7 /* DishService.swift */; };
		74B891BE2427C1BE00993FB7 /* Dish.swift in Sources */ = {isa = PBXBuildFile; fileRef = 74B891BD2427C1BE00993FB7 /* Dish.swift */; };
		74B891C22427CAC200993FB7 /* RecipeOverviewInfo.swift in Sources */ = {isa = PBXBuildFile; fileRef = 74B891C12427CAC200993FB7 /* RecipeOverviewInfo.swift */; };
		74B891C82427CCFE00993FB7 /* FakeDishService.swift in Sources */ = {isa = PBXBuildFile; fileRef = 74B891C72427CCFE00993FB7 /* FakeDishService.swift */; };
		74B891CA2427D0D700993FB7 /* FakeAuthenticationService.swift in Sources */ = {isa = PBXBuildFile; fileRef = 74B891C92427D0D700993FB7 /* FakeAuthenticationService.swift */; };
		74B891CC2427D1CF00993FB7 /* FakeServiceDependencies.swift in Sources */ = {isa = PBXBuildFile; fileRef = 74B891CB2427D1CF00993FB7 /* FakeServiceDependencies.swift */; };
		74B891CF2427E11F00993FB7 /* RecipeOverviewViewModel.swift in Sources */ = {isa = PBXBuildFile; fileRef = 74B891CE2427E11F00993FB7 /* RecipeOverviewViewModel.swift */; };
		74B8B88224251DA600C29491 /* Browse.storyboard in Resources */ = {isa = PBXBuildFile; fileRef = 74B8B88124251DA600C29491 /* Browse.storyboard */; };
		74B8B88424251DB800C29491 /* BrowseCoordinator.swift in Sources */ = {isa = PBXBuildFile; fileRef = 74B8B88324251DB800C29491 /* BrowseCoordinator.swift */; };
		74B8B88824251E0700C29491 /* BrowseViewController.swift in Sources */ = {isa = PBXBuildFile; fileRef = 74B8B88724251E0700C29491 /* BrowseViewController.swift */; };
		74B8B88B24251E9000C29491 /* SettingsViewController.swift in Sources */ = {isa = PBXBuildFile; fileRef = 74B8B88A24251E9000C29491 /* SettingsViewController.swift */; };
		74B8B88D2425203400C29491 /* SettingsCoordinator.swift in Sources */ = {isa = PBXBuildFile; fileRef = 74B8B88C2425203400C29491 /* SettingsCoordinator.swift */; };
		74B8B88F2425206400C29491 /* Settings.storyboard in Resources */ = {isa = PBXBuildFile; fileRef = 74B8B88E2425206400C29491 /* Settings.storyboard */; };
		74DB90442424E6D90092E51C /* Dashboard.storyboard in Resources */ = {isa = PBXBuildFile; fileRef = 74DB90432424E6D90092E51C /* Dashboard.storyboard */; };
		74DB90462424E6F50092E51C /* DashboardCoordinator.swift in Sources */ = {isa = PBXBuildFile; fileRef = 74DB90452424E6F50092E51C /* DashboardCoordinator.swift */; };
		74DB90482424E78E0092E51C /* DashboardViewController.swift in Sources */ = {isa = PBXBuildFile; fileRef = 74DB90472424E78E0092E51C /* DashboardViewController.swift */; };
		74EDA7E7242646AA00E853E8 /* DashboardViewModel.swift in Sources */ = {isa = PBXBuildFile; fileRef = 74EDA7E6242646AA00E853E8 /* DashboardViewModel.swift */; };
		74EDA7EA2426475200E853E8 /* AuthenticationService.swift in Sources */ = {isa = PBXBuildFile; fileRef = 74EDA7E92426475200E853E8 /* AuthenticationService.swift */; };
		74EDA7EC2426493000E853E8 /* AppAuthenticationService.swift in Sources */ = {isa = PBXBuildFile; fileRef = 74EDA7EB2426493000E853E8 /* AppAuthenticationService.swift */; };
/* End PBXBuildFile section */

/* Begin PBXContainerItemProxy section */
		74316883241185B1002B3905 /* PBXContainerItemProxy */ = {
			isa = PBXContainerItemProxy;
			containerPortal = 74316861241185B0002B3905 /* Project object */;
			proxyType = 1;
			remoteGlobalIDString = 74316868241185B0002B3905;
			remoteInfo = iCook;
		};
/* End PBXContainerItemProxy section */

/* Begin PBXFileReference section */
		7413198D24266BC300A42A4F /* AuthenticateViewModel.swift */ = {isa = PBXFileReference; lastKnownFileType = sourcecode.swift; path = AuthenticateViewModel.swift; sourceTree = "<group>"; };
		741319942426963300A42A4F /* DishCoordinator.swift */ = {isa = PBXFileReference; lastKnownFileType = sourcecode.swift; path = DishCoordinator.swift; sourceTree = "<group>"; };
		741319962426968900A42A4F /* Dish.storyboard */ = {isa = PBXFileReference; lastKnownFileType = file.storyboard; path = Dish.storyboard; sourceTree = "<group>"; };
		74131999242696D700A42A4F /* DishViewController.swift */ = {isa = PBXFileReference; lastKnownFileType = sourcecode.swift; path = DishViewController.swift; sourceTree = "<group>"; };
		7413199B24269D0D00A42A4F /* APIBaseResponse.swift */ = {isa = PBXFileReference; lastKnownFileType = sourcecode.swift; path = APIBaseResponse.swift; sourceTree = "<group>"; };
		742396D22438AEF000A56C99 /* SceneViewModel.swift */ = {isa = PBXFileReference; lastKnownFileType = sourcecode.swift; path = SceneViewModel.swift; sourceTree = "<group>"; };
		742396D42438B0E600A56C99 /* SceneViewController.swift */ = {isa = PBXFileReference; lastKnownFileType = sourcecode.swift; path = SceneViewController.swift; sourceTree = "<group>"; };
		742396D62438B99400A56C99 /* IOTransformable.swift */ = {isa = PBXFileReference; lastKnownFileType = sourcecode.swift; path = IOTransformable.swift; sourceTree = "<group>"; };
		742396D82438C7F900A56C99 /* APIResponse.swift */ = {isa = PBXFileReference; lastKnownFileType = sourcecode.swift; path = APIResponse.swift; sourceTree = "<group>"; };
		742A5B68242557CD005F6C8F /* UIView+XibLoadable.swift */ = {isa = PBXFileReference; lastKnownFileType = sourcecode.swift; path = "UIView+XibLoadable.swift"; sourceTree = "<group>"; };
		742A5B6B24255942005F6C8F /* KawaiiTextField.xib */ = {isa = PBXFileReference; lastKnownFileType = file.xib; path = KawaiiTextField.xib; sourceTree = "<group>"; };
		74311478242659C700F6A959 /* AppServiceDependencies.swift */ = {isa = PBXFileReference; lastKnownFileType = sourcecode.swift; path = AppServiceDependencies.swift; sourceTree = "<group>"; };
		7431147A24265BA100F6A959 /* ServiceDependencies.swift */ = {isa = PBXFileReference; lastKnownFileType = sourcecode.swift; path = ServiceDependencies.swift; sourceTree = "<group>"; };
		74316869241185B0002B3905 /* iCook.app */ = {isa = PBXFileReference; explicitFileType = wrapper.application; includeInIndex = 0; path = iCook.app; sourceTree = BUILT_PRODUCTS_DIR; };
		7431686C241185B0002B3905 /* AppDelegate.swift */ = {isa = PBXFileReference; lastKnownFileType = sourcecode.swift; path = AppDelegate.swift; sourceTree = "<group>"; };
		7431686E241185B0002B3905 /* SceneDelegate.swift */ = {isa = PBXFileReference; lastKnownFileType = sourcecode.swift; path = SceneDelegate.swift; sourceTree = "<group>"; };
		74316870241185B0002B3905 /* AuthenticateViewController.swift */ = {isa = PBXFileReference; lastKnownFileType = sourcecode.swift; path = AuthenticateViewController.swift; sourceTree = "<group>"; };
		74316873241185B0002B3905 /* Base */ = {isa = PBXFileReference; lastKnownFileType = file.storyboard; name = Base; path = Base.lproj/Authenticate.storyboard; sourceTree = "<group>"; };
		74316876241185B0002B3905 /* iCook.xcdatamodel */ = {isa = PBXFileReference; lastKnownFileType = wrapper.xcdatamodel; path = iCook.xcdatamodel; sourceTree = "<group>"; };
		74316878241185B1002B3905 /* Assets.xcassets */ = {isa = PBXFileReference; lastKnownFileType = folder.assetcatalog; path = Assets.xcassets; sourceTree = "<group>"; };
		7431687B241185B1002B3905 /* Base */ = {isa = PBXFileReference; lastKnownFileType = file.storyboard; name = Base; path = Base.lproj/LaunchScreen.storyboard; sourceTree = "<group>"; };
		7431687D241185B1002B3905 /* Info.plist */ = {isa = PBXFileReference; lastKnownFileType = text.plist.xml; path = Info.plist; sourceTree = "<group>"; };
		74316882241185B1002B3905 /* iCookTests.xctest */ = {isa = PBXFileReference; explicitFileType = wrapper.cfbundle; includeInIndex = 0; path = iCookTests.xctest; sourceTree = BUILT_PRODUCTS_DIR; };
		74316886241185B1002B3905 /* iCookTests.swift */ = {isa = PBXFileReference; lastKnownFileType = sourcecode.swift; path = iCookTests.swift; sourceTree = "<group>"; };
		74316888241185B1002B3905 /* Info.plist */ = {isa = PBXFileReference; lastKnownFileType = text.plist.xml; path = Info.plist; sourceTree = "<group>"; };
		74316891241185B2002B3905 /* iCookUITests.swift */ = {isa = PBXFileReference; lastKnownFileType = sourcecode.swift; path = iCookUITests.swift; sourceTree = "<group>"; };
		74316893241185B2002B3905 /* Info.plist */ = {isa = PBXFileReference; lastKnownFileType = text.plist.xml; path = Info.plist; sourceTree = "<group>"; };
		7431689F241189F2002B3905 /* Colors.xcassets */ = {isa = PBXFileReference; lastKnownFileType = folder.assetcatalog; path = Colors.xcassets; sourceTree = "<group>"; };
		743168AA2411A01E002B3905 /* KawaiiTextField.swift */ = {isa = PBXFileReference; lastKnownFileType = sourcecode.swift; path = KawaiiTextField.swift; sourceTree = "<group>"; };
		743168AF2411AB8C002B3905 /* AppAPIService.swift */ = {isa = PBXFileReference; lastKnownFileType = sourcecode.swift; path = AppAPIService.swift; sourceTree = "<group>"; };
		743168B52411B9F6002B3905 /* APITokenResponse.swift */ = {isa = PBXFileReference; lastKnownFileType = sourcecode.swift; path = APITokenResponse.swift; sourceTree = "<group>"; };
		74400FC32422A8DA00DC2E76 /* Coordinator.swift */ = {isa = PBXFileReference; lastKnownFileType = sourcecode.swift; path = Coordinator.swift; sourceTree = "<group>"; };
		74400FC52422A95900DC2E76 /* AuthenticateCoordinator.swift */ = {isa = PBXFileReference; lastKnownFileType = sourcecode.swift; path = AuthenticateCoordinator.swift; sourceTree = "<group>"; };
		74400FC72422A98400DC2E76 /* AppCoordinator.swift */ = {isa = PBXFileReference; lastKnownFileType = sourcecode.swift; path = AppCoordinator.swift; sourceTree = "<group>"; };
		74400FC92422ABAF00DC2E76 /* UIViewController+StoryboardInstantiable.swift */ = {isa = PBXFileReference; lastKnownFileType = sourcecode.swift; path = "UIViewController+StoryboardInstantiable.swift"; sourceTree = "<group>"; };
		74400FD02422B09D00DC2E76 /* APIService.swift */ = {isa = PBXFileReference; lastKnownFileType = sourcecode.swift; path = APIService.swift; sourceTree = "<group>"; };
		747C5C88243017F5000C2875 /* UIImageView+Downloaded.swift */ = {isa = PBXFileReference; lastKnownFileType = sourcecode.swift; path = "UIImageView+Downloaded.swift"; sourceTree = "<group>"; };
		747E37932440E8E0001490CF /* UserData.swift */ = {isa = PBXFileReference; lastKnownFileType = sourcecode.swift; path = UserData.swift; sourceTree = "<group>"; };
		747E37952440E932001490CF /* APIUserDataResponse.swift */ = {isa = PBXFileReference; lastKnownFileType = sourcecode.swift; path = APIUserDataResponse.swift; sourceTree = "<group>"; };
		747E37972440FB1B001490CF /* User.swift */ = {isa = PBXFileReference; lastKnownFileType = sourcecode.swift; path = User.swift; sourceTree = "<group>"; };
		747E379B2440FB96001490CF /* SettingsViewModel.swift */ = {isa = PBXFileReference; lastKnownFileType = sourcecode.swift; path = SettingsViewModel.swift; sourceTree = "<group>"; };
		747E379D24410036001490CF /* UserService.swift */ = {isa = PBXFileReference; lastKnownFileType = sourcecode.swift; path = UserService.swift; sourceTree = "<group>"; };
		747E379F244101F8001490CF /* AppUserService.swift */ = {isa = PBXFileReference; lastKnownFileType = sourcecode.swift; path = AppUserService.swift; sourceTree = "<group>"; };
		747E37A224410A92001490CF /* UIViewController+Rx.swift */ = {isa = PBXFileReference; lastKnownFileType = sourcecode.swift; path = "UIViewController+Rx.swift"; sourceTree = "<group>"; };
		749BC3522425735E0068B492 /* KawaiiView.swift */ = {isa = PBXFileReference; lastKnownFileType = sourcecode.swift; path = KawaiiView.swift; sourceTree = "<group>"; };
		749BC3542425755C0068B492 /* UIColor+AssetColors.swift */ = {isa = PBXFileReference; lastKnownFileType = sourcecode.swift; path = "UIColor+AssetColors.swift"; sourceTree = "<group>"; };
		749BC356242579260068B492 /* KawaiiButton.swift */ = {isa = PBXFileReference; lastKnownFileType = sourcecode.swift; path = KawaiiButton.swift; sourceTree = "<group>"; };
		749BC3582425793A0068B492 /* KawaiiButton.xib */ = {isa = PBXFileReference; lastKnownFileType = file.xib; path = KawaiiButton.xib; sourceTree = "<group>"; };
		74A7CF532438F4AA00BD44AC /* UIAlertController+Rx.swift */ = {isa = PBXFileReference; lastKnownFileType = sourcecode.swift; path = "UIAlertController+Rx.swift"; sourceTree = "<group>"; };
		74B891B32427A41E00993FB7 /* RecipeTableViewCell.xib */ = {isa = PBXFileReference; lastKnownFileType = file.xib; path = RecipeTableViewCell.xib; sourceTree = "<group>"; };
		74B891B52427A44000993FB7 /* RecipeTableViewCell.swift */ = {isa = PBXFileReference; lastKnownFileType = sourcecode.swift; path = RecipeTableViewCell.swift; sourceTree = "<group>"; };
		74B891B82427AC7100993FB7 /* DishViewModel.swift */ = {isa = PBXFileReference; lastKnownFileType = sourcecode.swift; path = DishViewModel.swift; sourceTree = "<group>"; };
		74B891BA2427BFD400993FB7 /* DishService.swift */ = {isa = PBXFileReference; lastKnownFileType = sourcecode.swift; path = DishService.swift; sourceTree = "<group>"; };
		74B891BD2427C1BE00993FB7 /* Dish.swift */ = {isa = PBXFileReference; lastKnownFileType = sourcecode.swift; path = Dish.swift; sourceTree = "<group>"; };
		74B891C12427CAC200993FB7 /* RecipeOverviewInfo.swift */ = {isa = PBXFileReference; lastKnownFileType = sourcecode.swift; path = RecipeOverviewInfo.swift; sourceTree = "<group>"; };
		74B891C72427CCFE00993FB7 /* FakeDishService.swift */ = {isa = PBXFileReference; lastKnownFileType = sourcecode.swift; path = FakeDishService.swift; sourceTree = "<group>"; };
		74B891C92427D0D700993FB7 /* FakeAuthenticationService.swift */ = {isa = PBXFileReference; lastKnownFileType = sourcecode.swift; path = FakeAuthenticationService.swift; sourceTree = "<group>"; };
		74B891CB2427D1CF00993FB7 /* FakeServiceDependencies.swift */ = {isa = PBXFileReference; lastKnownFileType = sourcecode.swift; path = FakeServiceDependencies.swift; sourceTree = "<group>"; };
		74B891CE2427E11F00993FB7 /* RecipeOverviewViewModel.swift */ = {isa = PBXFileReference; lastKnownFileType = sourcecode.swift; path = RecipeOverviewViewModel.swift; sourceTree = "<group>"; };
		74B8B88124251DA600C29491 /* Browse.storyboard */ = {isa = PBXFileReference; lastKnownFileType = file.storyboard; path = Browse.storyboard; sourceTree = "<group>"; };
		74B8B88324251DB800C29491 /* BrowseCoordinator.swift */ = {isa = PBXFileReference; lastKnownFileType = sourcecode.swift; path = BrowseCoordinator.swift; sourceTree = "<group>"; };
		74B8B88724251E0700C29491 /* BrowseViewController.swift */ = {isa = PBXFileReference; lastKnownFileType = sourcecode.swift; path = BrowseViewController.swift; sourceTree = "<group>"; };
		74B8B88A24251E9000C29491 /* SettingsViewController.swift */ = {isa = PBXFileReference; lastKnownFileType = sourcecode.swift; path = SettingsViewController.swift; sourceTree = "<group>"; };
		74B8B88C2425203400C29491 /* SettingsCoordinator.swift */ = {isa = PBXFileReference; lastKnownFileType = sourcecode.swift; path = SettingsCoordinator.swift; sourceTree = "<group>"; };
		74B8B88E2425206400C29491 /* Settings.storyboard */ = {isa = PBXFileReference; lastKnownFileType = file.storyboard; path = Settings.storyboard; sourceTree = "<group>"; };
		74DB90432424E6D90092E51C /* Dashboard.storyboard */ = {isa = PBXFileReference; lastKnownFileType = file.storyboard; path = Dashboard.storyboard; sourceTree = "<group>"; };
		74DB90452424E6F50092E51C /* DashboardCoordinator.swift */ = {isa = PBXFileReference; lastKnownFileType = sourcecode.swift; path = DashboardCoordinator.swift; sourceTree = "<group>"; };
		74DB90472424E78E0092E51C /* DashboardViewController.swift */ = {isa = PBXFileReference; lastKnownFileType = sourcecode.swift; path = DashboardViewController.swift; sourceTree = "<group>"; };
		74EDA7E6242646AA00E853E8 /* DashboardViewModel.swift */ = {isa = PBXFileReference; lastKnownFileType = sourcecode.swift; path = DashboardViewModel.swift; sourceTree = "<group>"; };
		74EDA7E92426475200E853E8 /* AuthenticationService.swift */ = {isa = PBXFileReference; lastKnownFileType = sourcecode.swift; path = AuthenticationService.swift; sourceTree = "<group>"; };
		74EDA7EB2426493000E853E8 /* AppAuthenticationService.swift */ = {isa = PBXFileReference; lastKnownFileType = sourcecode.swift; path = AppAuthenticationService.swift; sourceTree = "<group>"; };
/* End PBXFileReference section */

/* Begin PBXFrameworksBuildPhase section */
		74316866241185B0002B3905 /* Frameworks */ = {
			isa = PBXFrameworksBuildPhase;
			buildActionMask = 2147483647;
			files = (
				747C5C85242FF69C000C2875 /* RxSwift in Frameworks */,
				741319A22426D6D500A42A4F /* Logging in Frameworks */,
				747C5C87242FF69C000C2875 /* RxCocoa in Frameworks */,
				7413199F2426C3DB00A42A4F /* Alamofire in Frameworks */,
			);
			runOnlyForDeploymentPostprocessing = 0;
		};
		7431687F241185B1002B3905 /* Frameworks */ = {
			isa = PBXFrameworksBuildPhase;
			buildActionMask = 2147483647;
			files = (
			);
			runOnlyForDeploymentPostprocessing = 0;
		};
/* End PBXFrameworksBuildPhase section */

/* Begin PBXGroup section */
		7413199124266ED600A42A4F /* ViewModels */ = {
			isa = PBXGroup;
			children = (
				7413198D24266BC300A42A4F /* AuthenticateViewModel.swift */,
			);
			path = ViewModels;
			sourceTree = "<group>";
		};
		7413199224266EE400A42A4F /* ViewControllers */ = {
			isa = PBXGroup;
			children = (
				74316870241185B0002B3905 /* AuthenticateViewController.swift */,
			);
			path = ViewControllers;
			sourceTree = "<group>";
		};
		74131993242695F400A42A4F /* Dish */ = {
			isa = PBXGroup;
			children = (
				741319942426963300A42A4F /* DishCoordinator.swift */,
				741319962426968900A42A4F /* Dish.storyboard */,
				74B891B72427AC6800993FB7 /* ViewModels */,
				74131998242696CC00A42A4F /* ViewControllers */,
				74B891BC2427C1B700993FB7 /* Models */,
			);
			path = Dish;
			sourceTree = "<group>";
		};
		74131998242696CC00A42A4F /* ViewControllers */ = {
			isa = PBXGroup;
			children = (
				74131999242696D700A42A4F /* DishViewController.swift */,
			);
			path = ViewControllers;
			sourceTree = "<group>";
		};
		742A5B6A2425589C005F6C8F /* Kawaii */ = {
			isa = PBXGroup;
			children = (
				749BC3522425735E0068B492 /* KawaiiView.swift */,
				743168AA2411A01E002B3905 /* KawaiiTextField.swift */,
				742A5B6B24255942005F6C8F /* KawaiiTextField.xib */,
				749BC356242579260068B492 /* KawaiiButton.swift */,
				749BC3582425793A0068B492 /* KawaiiButton.xib */,
			);
			path = Kawaii;
			sourceTree = "<group>";
		};
		7431147C24265C0B00F6A959 /* Implementations */ = {
			isa = PBXGroup;
			children = (
				74D08C352440DC56009C883D /* App */,
				74D08C362440DC5D009C883D /* Fake */,
			);
			path = Implementations;
			sourceTree = "<group>";
		};
		74316860241185B0002B3905 = {
			isa = PBXGroup;
			children = (
				7431686B241185B0002B3905 /* iCook */,
				74316885241185B1002B3905 /* iCookTests */,
				74316890241185B2002B3905 /* iCookUITests */,
				7431686A241185B0002B3905 /* Products */,
				929ADDEDFFD70B43D7D4DBF3 /* Pods */,
			);
			sourceTree = "<group>";
		};
		7431686A241185B0002B3905 /* Products */ = {
			isa = PBXGroup;
			children = (
				74316869241185B0002B3905 /* iCook.app */,
				74316882241185B1002B3905 /* iCookTests.xctest */,
			);
			name = Products;
			sourceTree = "<group>";
		};
		7431686B241185B0002B3905 /* iCook */ = {
			isa = PBXGroup;
			children = (
				7431686C241185B0002B3905 /* AppDelegate.swift */,
				7431686E241185B0002B3905 /* SceneDelegate.swift */,
				74400FC12422A51900DC2E76 /* Scenes */,
				743168AE2411AB6F002B3905 /* Services */,
				743168A424119DE7002B3905 /* Common */,
				743168A2241194D0002B3905 /* Supporting Files */,
				7431687D241185B1002B3905 /* Info.plist */,
				74316875241185B0002B3905 /* iCook.xcdatamodeld */,
			);
			path = iCook;
			sourceTree = "<group>";
		};
		74316885241185B1002B3905 /* iCookTests */ = {
			isa = PBXGroup;
			children = (
				74316886241185B1002B3905 /* iCookTests.swift */,
				74316888241185B1002B3905 /* Info.plist */,
			);
			path = iCookTests;
			sourceTree = "<group>";
		};
		74316890241185B2002B3905 /* iCookUITests */ = {
			isa = PBXGroup;
			children = (
				74316891241185B2002B3905 /* iCookUITests.swift */,
				74316893241185B2002B3905 /* Info.plist */,
			);
			path = iCookUITests;
			sourceTree = "<group>";
		};
		743168A2241194D0002B3905 /* Supporting Files */ = {
			isa = PBXGroup;
			children = (
				7431689F241189F2002B3905 /* Colors.xcassets */,
				74316878241185B1002B3905 /* Assets.xcassets */,
			);
			path = "Supporting Files";
			sourceTree = "<group>";
		};
		743168A324119D82002B3905 /* Authenticate */ = {
			isa = PBXGroup;
			children = (
				74400FC52422A95900DC2E76 /* AuthenticateCoordinator.swift */,
				74316872241185B0002B3905 /* Authenticate.storyboard */,
				7413199124266ED600A42A4F /* ViewModels */,
				7413199224266EE400A42A4F /* ViewControllers */,
			);
			path = Authenticate;
			sourceTree = "<group>";
		};
		743168A424119DE7002B3905 /* Common */ = {
			isa = PBXGroup;
			children = (
				74400FCC2422ACB300DC2E76 /* Extensions */,
				743168A524119E00002B3905 /* Controls */,
			);
			path = Common;
			sourceTree = "<group>";
		};
		743168A524119E00002B3905 /* Controls */ = {
			isa = PBXGroup;
			children = (
				742A5B6A2425589C005F6C8F /* Kawaii */,
				74B891B32427A41E00993FB7 /* RecipeTableViewCell.xib */,
				74B891B52427A44000993FB7 /* RecipeTableViewCell.swift */,
			);
			path = Controls;
			sourceTree = "<group>";
		};
		743168AE2411AB6F002B3905 /* Services */ = {
			isa = PBXGroup;
			children = (
				7431147A24265BA100F6A959 /* ServiceDependencies.swift */,
				74311478242659C700F6A959 /* AppServiceDependencies.swift */,
				74B891CB2427D1CF00993FB7 /* FakeServiceDependencies.swift */,
				74EDA7E82426470300E853E8 /* Protocols */,
				7431147C24265C0B00F6A959 /* Implementations */,
			);
			path = Services;
			sourceTree = "<group>";
		};
		743168B32411AE72002B3905 /* Data Models */ = {
			isa = PBXGroup;
			children = (
				747E37932440E8E0001490CF /* UserData.swift */,
				743168B42411B9DE002B3905 /* APIResponses */,
			);
			path = "Data Models";
			sourceTree = "<group>";
		};
		743168B42411B9DE002B3905 /* APIResponses */ = {
			isa = PBXGroup;
			children = (
				742396D82438C7F900A56C99 /* APIResponse.swift */,
				7413199B24269D0D00A42A4F /* APIBaseResponse.swift */,
				743168B52411B9F6002B3905 /* APITokenResponse.swift */,
				747E37952440E932001490CF /* APIUserDataResponse.swift */,
			);
			path = APIResponses;
			sourceTree = "<group>";
		};
		74400FC12422A51900DC2E76 /* Scenes */ = {
			isa = PBXGroup;
			children = (
				74400FC32422A8DA00DC2E76 /* Coordinator.swift */,
				74400FC72422A98400DC2E76 /* AppCoordinator.swift */,
				742396D62438B99400A56C99 /* IOTransformable.swift */,
				742396D22438AEF000A56C99 /* SceneViewModel.swift */,
				742396D42438B0E600A56C99 /* SceneViewController.swift */,
				74400FCB2422ABC100DC2E76 /* LaunchScreen */,
				74DB90422424E6C20092E51C /* Dashboard */,
				74B8B88024251D4400C29491 /* Browse */,
				74B8B88924251E7C00C29491 /* Settings */,
				743168A324119D82002B3905 /* Authenticate */,
				74131993242695F400A42A4F /* Dish */,
			);
			path = Scenes;
			sourceTree = "<group>";
		};
		74400FCB2422ABC100DC2E76 /* LaunchScreen */ = {
			isa = PBXGroup;
			children = (
				7431687A241185B1002B3905 /* LaunchScreen.storyboard */,
			);
			path = LaunchScreen;
			sourceTree = "<group>";
		};
		74400FCC2422ACB300DC2E76 /* Extensions */ = {
			isa = PBXGroup;
			children = (
				74400FC92422ABAF00DC2E76 /* UIViewController+StoryboardInstantiable.swift */,
				742A5B68242557CD005F6C8F /* UIView+XibLoadable.swift */,
				749BC3542425755C0068B492 /* UIColor+AssetColors.swift */,
				747C5C88243017F5000C2875 /* UIImageView+Downloaded.swift */,
				74A7CF532438F4AA00BD44AC /* UIAlertController+Rx.swift */,
				747E37A224410A92001490CF /* UIViewController+Rx.swift */,
			);
			path = Extensions;
			sourceTree = "<group>";
		};
		747E37992440FB20001490CF /* Models */ = {
			isa = PBXGroup;
			children = (
				747E37972440FB1B001490CF /* User.swift */,
			);
			path = Models;
			sourceTree = "<group>";
		};
		747E379A2440FB84001490CF /* ViewModels */ = {
			isa = PBXGroup;
			children = (
				747E379B2440FB96001490CF /* SettingsViewModel.swift */,
			);
			path = ViewModels;
			sourceTree = "<group>";
		};
		74B891B72427AC6800993FB7 /* ViewModels */ = {
			isa = PBXGroup;
			children = (
				74B891B82427AC7100993FB7 /* DishViewModel.swift */,
				74B891CE2427E11F00993FB7 /* RecipeOverviewViewModel.swift */,
			);
			path = ViewModels;
			sourceTree = "<group>";
		};
		74B891BC2427C1B700993FB7 /* Models */ = {
			isa = PBXGroup;
			children = (
				74B891BD2427C1BE00993FB7 /* Dish.swift */,
				74B891C12427CAC200993FB7 /* RecipeOverviewInfo.swift */,
			);
			path = Models;
			sourceTree = "<group>";
		};
		74B8B88024251D4400C29491 /* Browse */ = {
			isa = PBXGroup;
			children = (
				74B8B88324251DB800C29491 /* BrowseCoordinator.swift */,
				74B8B88124251DA600C29491 /* Browse.storyboard */,
				74B8B88624251DF500C29491 /* ViewControllers */,
			);
			path = Browse;
			sourceTree = "<group>";
		};
		74B8B88624251DF500C29491 /* ViewControllers */ = {
			isa = PBXGroup;
			children = (
				74B8B88724251E0700C29491 /* BrowseViewController.swift */,
			);
			path = ViewControllers;
			sourceTree = "<group>";
		};
		74B8B88924251E7C00C29491 /* Settings */ = {
			isa = PBXGroup;
			children = (
				74B8B88C2425203400C29491 /* SettingsCoordinator.swift */,
				74B8B88E2425206400C29491 /* Settings.storyboard */,
				747E379A2440FB84001490CF /* ViewModels */,
				74B8B890242524E300C29491 /* ViewControllers */,
				747E37992440FB20001490CF /* Models */,
			);
			path = Settings;
			sourceTree = "<group>";
		};
		74B8B890242524E300C29491 /* ViewControllers */ = {
			isa = PBXGroup;
			children = (
				74B8B88A24251E9000C29491 /* SettingsViewController.swift */,
			);
			path = ViewControllers;
			sourceTree = "<group>";
		};
		74D08C352440DC56009C883D /* App */ = {
			isa = PBXGroup;
			children = (
				743168AF2411AB8C002B3905 /* AppAPIService.swift */,
				74EDA7EB2426493000E853E8 /* AppAuthenticationService.swift */,
				747E379F244101F8001490CF /* AppUserService.swift */,
				743168B32411AE72002B3905 /* Data Models */,
			);
			path = App;
			sourceTree = "<group>";
		};
		74D08C362440DC5D009C883D /* Fake */ = {
			isa = PBXGroup;
			children = (
				74B891C92427D0D700993FB7 /* FakeAuthenticationService.swift */,
				74B891C72427CCFE00993FB7 /* FakeDishService.swift */,
			);
			path = Fake;
			sourceTree = "<group>";
		};
		74DB90422424E6C20092E51C /* Dashboard */ = {
			isa = PBXGroup;
			children = (
				74DB90452424E6F50092E51C /* DashboardCoordinator.swift */,
				74DB90432424E6D90092E51C /* Dashboard.storyboard */,
				74EDA7E52426469400E853E8 /* ViewModels */,
				74DB90492424E7910092E51C /* ViewControllers */,
			);
			path = Dashboard;
			sourceTree = "<group>";
		};
		74DB90492424E7910092E51C /* ViewControllers */ = {
			isa = PBXGroup;
			children = (
				74DB90472424E78E0092E51C /* DashboardViewController.swift */,
			);
			path = ViewControllers;
			sourceTree = "<group>";
		};
		74EDA7E52426469400E853E8 /* ViewModels */ = {
			isa = PBXGroup;
			children = (
				74EDA7E6242646AA00E853E8 /* DashboardViewModel.swift */,
			);
			path = ViewModels;
			sourceTree = "<group>";
		};
		74EDA7E82426470300E853E8 /* Protocols */ = {
			isa = PBXGroup;
			children = (
				74400FD02422B09D00DC2E76 /* APIService.swift */,
				74EDA7E92426475200E853E8 /* AuthenticationService.swift */,
				74B891BA2427BFD400993FB7 /* DishService.swift */,
				747E379D24410036001490CF /* UserService.swift */,
			);
			path = Protocols;
			sourceTree = "<group>";
		};
		929ADDEDFFD70B43D7D4DBF3 /* Pods */ = {
			isa = PBXGroup;
			children = (
			);
			path = Pods;
			sourceTree = "<group>";
		};
/* End PBXGroup section */

/* Begin PBXNativeTarget section */
		74316868241185B0002B3905 /* iCook */ = {
			isa = PBXNativeTarget;
			buildConfigurationList = 74316896241185B2002B3905 /* Build configuration list for PBXNativeTarget "iCook" */;
			buildPhases = (
				74316865241185B0002B3905 /* Sources */,
				74316866241185B0002B3905 /* Frameworks */,
				74316867241185B0002B3905 /* Resources */,
			);
			buildRules = (
			);
			dependencies = (
			);
			name = iCook;
			packageProductDependencies = (
				7413199E2426C3DB00A42A4F /* Alamofire */,
				741319A12426D6D500A42A4F /* Logging */,
				747C5C84242FF69C000C2875 /* RxSwift */,
				747C5C86242FF69C000C2875 /* RxCocoa */,
			);
			productName = iCook;
			productReference = 74316869241185B0002B3905 /* iCook.app */;
			productType = "com.apple.product-type.application";
		};
		74316881241185B1002B3905 /* iCookTests */ = {
			isa = PBXNativeTarget;
			buildConfigurationList = 74316899241185B2002B3905 /* Build configuration list for PBXNativeTarget "iCookTests" */;
			buildPhases = (
				7431687E241185B1002B3905 /* Sources */,
				7431687F241185B1002B3905 /* Frameworks */,
				74316880241185B1002B3905 /* Resources */,
			);
			buildRules = (
			);
			dependencies = (
				74316884241185B1002B3905 /* PBXTargetDependency */,
			);
			name = iCookTests;
			productName = iCookTests;
			productReference = 74316882241185B1002B3905 /* iCookTests.xctest */;
			productType = "com.apple.product-type.bundle.unit-test";
		};
/* End PBXNativeTarget section */

/* Begin PBXProject section */
		74316861241185B0002B3905 /* Project object */ = {
			isa = PBXProject;
			attributes = {
				LastSwiftUpdateCheck = 1130;
				LastUpgradeCheck = 1130;
				ORGANIZATIONNAME = "Alexander Ignatov";
				TargetAttributes = {
					74316868241185B0002B3905 = {
						CreatedOnToolsVersion = 11.3.1;
					};
					74316881241185B1002B3905 = {
						CreatedOnToolsVersion = 11.3.1;
						TestTargetID = 74316868241185B0002B3905;
					};
				};
			};
			buildConfigurationList = 74316864241185B0002B3905 /* Build configuration list for PBXProject "iCook" */;
			compatibilityVersion = "Xcode 9.3";
			developmentRegion = en;
			hasScannedForEncodings = 0;
			knownRegions = (
				en,
				Base,
			);
			mainGroup = 74316860241185B0002B3905;
			packageReferences = (
				7413199D2426C3DB00A42A4F /* XCRemoteSwiftPackageReference "Alamofire" */,
				741319A02426D6D500A42A4F /* XCRemoteSwiftPackageReference "swift-log" */,
				747C5C83242FF69C000C2875 /* XCRemoteSwiftPackageReference "RxSwift" */,
			);
			productRefGroup = 7431686A241185B0002B3905 /* Products */;
			projectDirPath = "";
			projectRoot = "";
			targets = (
				74316868241185B0002B3905 /* iCook */,
				74316881241185B1002B3905 /* iCookTests */,
			);
		};
/* End PBXProject section */

/* Begin PBXResourcesBuildPhase section */
		74316867241185B0002B3905 /* Resources */ = {
			isa = PBXResourcesBuildPhase;
			buildActionMask = 2147483647;
			files = (
				741319972426968900A42A4F /* Dish.storyboard in Resources */,
				74B8B88224251DA600C29491 /* Browse.storyboard in Resources */,
				7431687C241185B1002B3905 /* LaunchScreen.storyboard in Resources */,
				74DB90442424E6D90092E51C /* Dashboard.storyboard in Resources */,
				742A5B6C24255942005F6C8F /* KawaiiTextField.xib in Resources */,
				743168A0241189F2002B3905 /* Colors.xcassets in Resources */,
				74B891B42427A41E00993FB7 /* RecipeTableViewCell.xib in Resources */,
				74316879241185B1002B3905 /* Assets.xcassets in Resources */,
				74316874241185B0002B3905 /* Authenticate.storyboard in Resources */,
				749BC3592425793A0068B492 /* KawaiiButton.xib in Resources */,
				74B8B88F2425206400C29491 /* Settings.storyboard in Resources */,
			);
			runOnlyForDeploymentPostprocessing = 0;
		};
		74316880241185B1002B3905 /* Resources */ = {
			isa = PBXResourcesBuildPhase;
			buildActionMask = 2147483647;
			files = (
			);
			runOnlyForDeploymentPostprocessing = 0;
		};
/* End PBXResourcesBuildPhase section */

/* Begin PBXSourcesBuildPhase section */
		74316865241185B0002B3905 /* Sources */ = {
			isa = PBXSourcesBuildPhase;
			buildActionMask = 2147483647;
			files = (
				74400FC42422A8DA00DC2E76 /* Coordinator.swift in Sources */,
				74316871241185B0002B3905 /* AuthenticateViewController.swift in Sources */,
				742396D32438AEF000A56C99 /* SceneViewModel.swift in Sources */,
				74B891C82427CCFE00993FB7 /* FakeDishService.swift in Sources */,
				74B8B88824251E0700C29491 /* BrowseViewController.swift in Sources */,
				747C5C89243017F5000C2875 /* UIImageView+Downloaded.swift in Sources */,
				747E37962440E932001490CF /* APIUserDataResponse.swift in Sources */,
				74400FC82422A98400DC2E76 /* AppCoordinator.swift in Sources */,
				7431686D241185B0002B3905 /* AppDelegate.swift in Sources */,
				742396D92438C7F900A56C99 /* APIResponse.swift in Sources */,
				7431686F241185B0002B3905 /* SceneDelegate.swift in Sources */,
				743168AB2411A01E002B3905 /* KawaiiTextField.swift in Sources */,
				74B891CA2427D0D700993FB7 /* FakeAuthenticationService.swift in Sources */,
				743168B02411AB8C002B3905 /* AppAPIService.swift in Sources */,
				74B891C22427CAC200993FB7 /* RecipeOverviewInfo.swift in Sources */,
				74B891CF2427E11F00993FB7 /* RecipeOverviewViewModel.swift in Sources */,
				7413198E24266BC300A42A4F /* AuthenticateViewModel.swift in Sources */,
				74B891BB2427BFD400993FB7 /* DishService.swift in Sources */,
				74DB90482424E78E0092E51C /* DashboardViewController.swift in Sources */,
				74400FC62422A95900DC2E76 /* AuthenticateCoordinator.swift in Sources */,
				749BC3552425755C0068B492 /* UIColor+AssetColors.swift in Sources */,
				74B891B92427AC7100993FB7 /* DishViewModel.swift in Sources */,
				742396D72438B99400A56C99 /* IOTransformable.swift in Sources */,
				747E379E24410036001490CF /* UserService.swift in Sources */,
				74B8B88424251DB800C29491 /* BrowseCoordinator.swift in Sources */,
				74B8B88D2425203400C29491 /* SettingsCoordinator.swift in Sources */,
				74B891BE2427C1BE00993FB7 /* Dish.swift in Sources */,
				7413199A242696D700A42A4F /* DishViewController.swift in Sources */,
				747E37A0244101F8001490CF /* AppUserService.swift in Sources */,
				74B891B62427A44000993FB7 /* RecipeTableViewCell.swift in Sources */,
				74311479242659C700F6A959 /* AppServiceDependencies.swift in Sources */,
				74B8B88B24251E9000C29491 /* SettingsViewController.swift in Sources */,
				74EDA7E7242646AA00E853E8 /* DashboardViewModel.swift in Sources */,
				74400FD12422B09D00DC2E76 /* APIService.swift in Sources */,
				749BC357242579260068B492 /* KawaiiButton.swift in Sources */,
				74400FCA2422ABAF00DC2E76 /* UIViewController+StoryboardInstantiable.swift in Sources */,
				747E37942440E8E0001490CF /* UserData.swift in Sources */,
				747E37A324410A92001490CF /* UIViewController+Rx.swift in Sources */,
				747E379C2440FB96001490CF /* SettingsViewModel.swift in Sources */,
				7413199C24269D0D00A42A4F /* APIBaseResponse.swift in Sources */,
				742396D52438B0E600A56C99 /* SceneViewController.swift in Sources */,
				743168B62411B9F6002B3905 /* APITokenResponse.swift in Sources */,
				74316877241185B0002B3905 /* iCook.xcdatamodeld in Sources */,
				74EDA7EC2426493000E853E8 /* AppAuthenticationService.swift in Sources */,
				749BC3532425735E0068B492 /* KawaiiView.swift in Sources */,
				747E37982440FB1B001490CF /* User.swift in Sources */,
				7431147B24265BA100F6A959 /* ServiceDependencies.swift in Sources */,
				74A7CF542438F4AA00BD44AC /* UIAlertController+Rx.swift in Sources */,
				741319952426963300A42A4F /* DishCoordinator.swift in Sources */,
				742A5B69242557CD005F6C8F /* UIView+XibLoadable.swift in Sources */,
				74DB90462424E6F50092E51C /* DashboardCoordinator.swift in Sources */,
				74EDA7EA2426475200E853E8 /* AuthenticationService.swift in Sources */,
				74B891CC2427D1CF00993FB7 /* FakeServiceDependencies.swift in Sources */,
			);
			runOnlyForDeploymentPostprocessing = 0;
		};
		7431687E241185B1002B3905 /* Sources */ = {
			isa = PBXSourcesBuildPhase;
			buildActionMask = 2147483647;
			files = (
				74316887241185B1002B3905 /* iCookTests.swift in Sources */,
			);
			runOnlyForDeploymentPostprocessing = 0;
		};
/* End PBXSourcesBuildPhase section */

/* Begin PBXTargetDependency section */
		74316884241185B1002B3905 /* PBXTargetDependency */ = {
			isa = PBXTargetDependency;
			target = 74316868241185B0002B3905 /* iCook */;
			targetProxy = 74316883241185B1002B3905 /* PBXContainerItemProxy */;
		};
/* End PBXTargetDependency section */

/* Begin PBXVariantGroup section */
		74316872241185B0002B3905 /* Authenticate.storyboard */ = {
			isa = PBXVariantGroup;
			children = (
				74316873241185B0002B3905 /* Base */,
			);
			name = Authenticate.storyboard;
			sourceTree = "<group>";
		};
		7431687A241185B1002B3905 /* LaunchScreen.storyboard */ = {
			isa = PBXVariantGroup;
			children = (
				7431687B241185B1002B3905 /* Base */,
			);
			name = LaunchScreen.storyboard;
			sourceTree = "<group>";
		};
/* End PBXVariantGroup section */

/* Begin XCBuildConfiguration section */
		74316894241185B2002B3905 /* Debug */ = {
			isa = XCBuildConfiguration;
			buildSettings = {
				ALWAYS_SEARCH_USER_PATHS = NO;
				CLANG_ANALYZER_NONNULL = YES;
				CLANG_ANALYZER_NUMBER_OBJECT_CONVERSION = YES_AGGRESSIVE;
				CLANG_CXX_LANGUAGE_STANDARD = "gnu++14";
				CLANG_CXX_LIBRARY = "libc++";
				CLANG_ENABLE_MODULES = YES;
				CLANG_ENABLE_OBJC_ARC = YES;
				CLANG_ENABLE_OBJC_WEAK = YES;
				CLANG_WARN_BLOCK_CAPTURE_AUTORELEASING = YES;
				CLANG_WARN_BOOL_CONVERSION = YES;
				CLANG_WARN_COMMA = YES;
				CLANG_WARN_CONSTANT_CONVERSION = YES;
				CLANG_WARN_DEPRECATED_OBJC_IMPLEMENTATIONS = YES;
				CLANG_WARN_DIRECT_OBJC_ISA_USAGE = YES_ERROR;
				CLANG_WARN_DOCUMENTATION_COMMENTS = YES;
				CLANG_WARN_EMPTY_BODY = YES;
				CLANG_WARN_ENUM_CONVERSION = YES;
				CLANG_WARN_INFINITE_RECURSION = YES;
				CLANG_WARN_INT_CONVERSION = YES;
				CLANG_WARN_NON_LITERAL_NULL_CONVERSION = YES;
				CLANG_WARN_OBJC_IMPLICIT_RETAIN_SELF = YES;
				CLANG_WARN_OBJC_LITERAL_CONVERSION = YES;
				CLANG_WARN_OBJC_ROOT_CLASS = YES_ERROR;
				CLANG_WARN_RANGE_LOOP_ANALYSIS = YES;
				CLANG_WARN_STRICT_PROTOTYPES = YES;
				CLANG_WARN_SUSPICIOUS_MOVE = YES;
				CLANG_WARN_UNGUARDED_AVAILABILITY = YES_AGGRESSIVE;
				CLANG_WARN_UNREACHABLE_CODE = YES;
				CLANG_WARN__DUPLICATE_METHOD_MATCH = YES;
				COPY_PHASE_STRIP = NO;
				DEBUG_INFORMATION_FORMAT = dwarf;
				ENABLE_STRICT_OBJC_MSGSEND = YES;
				ENABLE_TESTABILITY = YES;
				GCC_C_LANGUAGE_STANDARD = gnu11;
				GCC_DYNAMIC_NO_PIC = NO;
				GCC_NO_COMMON_BLOCKS = YES;
				GCC_OPTIMIZATION_LEVEL = 0;
				GCC_PREPROCESSOR_DEFINITIONS = (
					"DEBUG=1",
					"$(inherited)",
				);
				GCC_WARN_64_TO_32_BIT_CONVERSION = YES;
				GCC_WARN_ABOUT_RETURN_TYPE = YES_ERROR;
				GCC_WARN_UNDECLARED_SELECTOR = YES;
				GCC_WARN_UNINITIALIZED_AUTOS = YES_AGGRESSIVE;
				GCC_WARN_UNUSED_FUNCTION = YES;
				GCC_WARN_UNUSED_VARIABLE = YES;
				IPHONEOS_DEPLOYMENT_TARGET = 13.2;
				MTL_ENABLE_DEBUG_INFO = INCLUDE_SOURCE;
				MTL_FAST_MATH = YES;
				ONLY_ACTIVE_ARCH = YES;
				SDKROOT = iphoneos;
				SWIFT_ACTIVE_COMPILATION_CONDITIONS = DEBUG;
				SWIFT_OPTIMIZATION_LEVEL = "-Onone";
			};
			name = Debug;
		};
		74316895241185B2002B3905 /* Release */ = {
			isa = XCBuildConfiguration;
			buildSettings = {
				ALWAYS_SEARCH_USER_PATHS = NO;
				CLANG_ANALYZER_NONNULL = YES;
				CLANG_ANALYZER_NUMBER_OBJECT_CONVERSION = YES_AGGRESSIVE;
				CLANG_CXX_LANGUAGE_STANDARD = "gnu++14";
				CLANG_CXX_LIBRARY = "libc++";
				CLANG_ENABLE_MODULES = YES;
				CLANG_ENABLE_OBJC_ARC = YES;
				CLANG_ENABLE_OBJC_WEAK = YES;
				CLANG_WARN_BLOCK_CAPTURE_AUTORELEASING = YES;
				CLANG_WARN_BOOL_CONVERSION = YES;
				CLANG_WARN_COMMA = YES;
				CLANG_WARN_CONSTANT_CONVERSION = YES;
				CLANG_WARN_DEPRECATED_OBJC_IMPLEMENTATIONS = YES;
				CLANG_WARN_DIRECT_OBJC_ISA_USAGE = YES_ERROR;
				CLANG_WARN_DOCUMENTATION_COMMENTS = YES;
				CLANG_WARN_EMPTY_BODY = YES;
				CLANG_WARN_ENUM_CONVERSION = YES;
				CLANG_WARN_INFINITE_RECURSION = YES;
				CLANG_WARN_INT_CONVERSION = YES;
				CLANG_WARN_NON_LITERAL_NULL_CONVERSION = YES;
				CLANG_WARN_OBJC_IMPLICIT_RETAIN_SELF = YES;
				CLANG_WARN_OBJC_LITERAL_CONVERSION = YES;
				CLANG_WARN_OBJC_ROOT_CLASS = YES_ERROR;
				CLANG_WARN_RANGE_LOOP_ANALYSIS = YES;
				CLANG_WARN_STRICT_PROTOTYPES = YES;
				CLANG_WARN_SUSPICIOUS_MOVE = YES;
				CLANG_WARN_UNGUARDED_AVAILABILITY = YES_AGGRESSIVE;
				CLANG_WARN_UNREACHABLE_CODE = YES;
				CLANG_WARN__DUPLICATE_METHOD_MATCH = YES;
				COPY_PHASE_STRIP = NO;
				DEBUG_INFORMATION_FORMAT = "dwarf-with-dsym";
				ENABLE_NS_ASSERTIONS = NO;
				ENABLE_STRICT_OBJC_MSGSEND = YES;
				GCC_C_LANGUAGE_STANDARD = gnu11;
				GCC_NO_COMMON_BLOCKS = YES;
				GCC_WARN_64_TO_32_BIT_CONVERSION = YES;
				GCC_WARN_ABOUT_RETURN_TYPE = YES_ERROR;
				GCC_WARN_UNDECLARED_SELECTOR = YES;
				GCC_WARN_UNINITIALIZED_AUTOS = YES_AGGRESSIVE;
				GCC_WARN_UNUSED_FUNCTION = YES;
				GCC_WARN_UNUSED_VARIABLE = YES;
				IPHONEOS_DEPLOYMENT_TARGET = 13.2;
				MTL_ENABLE_DEBUG_INFO = NO;
				MTL_FAST_MATH = YES;
				SDKROOT = iphoneos;
				SWIFT_COMPILATION_MODE = wholemodule;
				SWIFT_OPTIMIZATION_LEVEL = "-O";
				VALIDATE_PRODUCT = YES;
			};
			name = Release;
		};
		74316897241185B2002B3905 /* Debug */ = {
			isa = XCBuildConfiguration;
			buildSettings = {
				ASSETCATALOG_COMPILER_APPICON_NAME = AppIcon;
				CODE_SIGN_STYLE = Automatic;
				DEVELOPMENT_TEAM = 4643PTS49B;
				INFOPLIST_FILE = iCook/Info.plist;
				LD_RUNPATH_SEARCH_PATHS = (
					"$(inherited)",
					"@executable_path/Frameworks",
				);
				MARKETING_VERSION = 0.1;
				PRODUCT_BUNDLE_IDENTIFIER = bg.abv.yalishanda.iCook;
				PRODUCT_NAME = iCook;
				SWIFT_VERSION = 5.0;
				TARGETED_DEVICE_FAMILY = "1,2";
			};
			name = Debug;
		};
		74316898241185B2002B3905 /* Release */ = {
			isa = XCBuildConfiguration;
			buildSettings = {
				ASSETCATALOG_COMPILER_APPICON_NAME = AppIcon;
				CODE_SIGN_STYLE = Automatic;
				DEVELOPMENT_TEAM = 4643PTS49B;
				INFOPLIST_FILE = iCook/Info.plist;
				LD_RUNPATH_SEARCH_PATHS = (
					"$(inherited)",
					"@executable_path/Frameworks",
				);
				MARKETING_VERSION = 0.1;
				PRODUCT_BUNDLE_IDENTIFIER = bg.abv.yalishanda.iCook;
				PRODUCT_NAME = iCook;
				SWIFT_VERSION = 5.0;
				TARGETED_DEVICE_FAMILY = "1,2";
			};
			name = Release;
		};
		7431689A241185B2002B3905 /* Debug */ = {
			isa = XCBuildConfiguration;
			buildSettings = {
				ALWAYS_EMBED_SWIFT_STANDARD_LIBRARIES = YES;
				BUNDLE_LOADER = "$(TEST_HOST)";
				CODE_SIGN_STYLE = Automatic;
				DEVELOPMENT_TEAM = 4643PTS49B;
				INFOPLIST_FILE = iCookTests/Info.plist;
				IPHONEOS_DEPLOYMENT_TARGET = 13.2;
				LD_RUNPATH_SEARCH_PATHS = (
					"$(inherited)",
					"@executable_path/Frameworks",
					"@loader_path/Frameworks",
				);
				PRODUCT_BUNDLE_IDENTIFIER = bg.abv.yalishanda.iCookTests;
				PRODUCT_NAME = "$(TARGET_NAME)";
				SWIFT_VERSION = 5.0;
				TARGETED_DEVICE_FAMILY = "1,2";
				TEST_HOST = "$(BUILT_PRODUCTS_DIR)/iCook.app/iCook";
			};
			name = Debug;
		};
		7431689B241185B2002B3905 /* Release */ = {
			isa = XCBuildConfiguration;
			buildSettings = {
				ALWAYS_EMBED_SWIFT_STANDARD_LIBRARIES = YES;
				BUNDLE_LOADER = "$(TEST_HOST)";
				CODE_SIGN_STYLE = Automatic;
				DEVELOPMENT_TEAM = 4643PTS49B;
				INFOPLIST_FILE = iCookTests/Info.plist;
				IPHONEOS_DEPLOYMENT_TARGET = 13.2;
				LD_RUNPATH_SEARCH_PATHS = (
					"$(inherited)",
					"@executable_path/Frameworks",
					"@loader_path/Frameworks",
				);
				PRODUCT_BUNDLE_IDENTIFIER = bg.abv.yalishanda.iCookTests;
				PRODUCT_NAME = "$(TARGET_NAME)";
				SWIFT_VERSION = 5.0;
				TARGETED_DEVICE_FAMILY = "1,2";
				TEST_HOST = "$(BUILT_PRODUCTS_DIR)/iCook.app/iCook";
			};
			name = Release;
		};
/* End XCBuildConfiguration section */

/* Begin XCConfigurationList section */
		74316864241185B0002B3905 /* Build configuration list for PBXProject "iCook" */ = {
			isa = XCConfigurationList;
			buildConfigurations = (
				74316894241185B2002B3905 /* Debug */,
				74316895241185B2002B3905 /* Release */,
			);
			defaultConfigurationIsVisible = 0;
			defaultConfigurationName = Release;
		};
		74316896241185B2002B3905 /* Build configuration list for PBXNativeTarget "iCook" */ = {
			isa = XCConfigurationList;
			buildConfigurations = (
				74316897241185B2002B3905 /* Debug */,
				74316898241185B2002B3905 /* Release */,
			);
			defaultConfigurationIsVisible = 0;
			defaultConfigurationName = Release;
		};
		74316899241185B2002B3905 /* Build configuration list for PBXNativeTarget "iCookTests" */ = {
			isa = XCConfigurationList;
			buildConfigurations = (
				7431689A241185B2002B3905 /* Debug */,
				7431689B241185B2002B3905 /* Release */,
			);
			defaultConfigurationIsVisible = 0;
			defaultConfigurationName = Release;
		};
/* End XCConfigurationList section */

/* Begin XCRemoteSwiftPackageReference section */
		7413199D2426C3DB00A42A4F /* XCRemoteSwiftPackageReference "Alamofire" */ = {
			isa = XCRemoteSwiftPackageReference;
			repositoryURL = "https://github.com/Alamofire/Alamofire";
			requirement = {
				kind = upToNextMajorVersion;
				minimumVersion = 5.0.4;
			};
		};
		741319A02426D6D500A42A4F /* XCRemoteSwiftPackageReference "swift-log" */ = {
			isa = XCRemoteSwiftPackageReference;
			repositoryURL = "https://github.com/apple/swift-log";
			requirement = {
				kind = upToNextMajorVersion;
				minimumVersion = 1.2.0;
			};
		};
		747C5C83242FF69C000C2875 /* XCRemoteSwiftPackageReference "RxSwift" */ = {
			isa = XCRemoteSwiftPackageReference;
			repositoryURL = "https://github.com/ReactiveX/RxSwift";
			requirement = {
				kind = upToNextMajorVersion;
				minimumVersion = 5.1.1;
			};
		};
/* End XCRemoteSwiftPackageReference section */

/* Begin XCSwiftPackageProductDependency section */
		7413199E2426C3DB00A42A4F /* Alamofire */ = {
			isa = XCSwiftPackageProductDependency;
			package = 7413199D2426C3DB00A42A4F /* XCRemoteSwiftPackageReference "Alamofire" */;
			productName = Alamofire;
		};
		741319A12426D6D500A42A4F /* Logging */ = {
			isa = XCSwiftPackageProductDependency;
			package = 741319A02426D6D500A42A4F /* XCRemoteSwiftPackageReference "swift-log" */;
			productName = Logging;
		};
		747C5C84242FF69C000C2875 /* RxSwift */ = {
			isa = XCSwiftPackageProductDependency;
			package = 747C5C83242FF69C000C2875 /* XCRemoteSwiftPackageReference "RxSwift" */;
			productName = RxSwift;
		};
		747C5C86242FF69C000C2875 /* RxCocoa */ = {
			isa = XCSwiftPackageProductDependency;
			package = 747C5C83242FF69C000C2875 /* XCRemoteSwiftPackageReference "RxSwift" */;
			productName = RxCocoa;
		};
/* End XCSwiftPackageProductDependency section */

/* Begin XCVersionGroup section */
		74316875241185B0002B3905 /* iCook.xcdatamodeld */ = {
			isa = XCVersionGroup;
			children = (
				74316876241185B0002B3905 /* iCook.xcdatamodel */,
			);
			currentVersion = 74316876241185B0002B3905 /* iCook.xcdatamodel */;
			path = iCook.xcdatamodeld;
			sourceTree = "<group>";
			versionGroupType = wrapper.xcdatamodel;
		};
/* End XCVersionGroup section */
	};
	rootObject = 74316861241185B0002B3905 /* Project object */;
}
